
Microsoft Visual Studio Solution File, Format Version 12.00
# Visual Studio Version 16
VisualStudioVersion = 16.0.810.22
MinimumVisualStudioVersion = 10.0.40219.1
Project("{FAE04EC0-301F-11D3-BF4B-00C04F79EFBC}") = "taxcalc.Android", "taxcalc.Android\taxcalc.Android.csproj", "{D35D3C93-B1E0-4A8C-ABA7-BD3E131AD22D}"
EndProject
Project("{FAE04EC0-301F-11D3-BF4B-00C04F79EFBC}") = "taxcalc.iOS", "taxcalc.iOS\taxcalc.iOS.csproj", "{F5091977-4694-4939-B904-8A146A583ECC}"
EndProject
Project("{FAE04EC0-301F-11D3-BF4B-00C04F79EFBC}") = "taxcalc", "taxcalc\taxcalc.csproj", "{832F8FBB-704A-442E-BF42-5D75D3B50587}"
EndProject
Project("{FAE04EC0-301F-11D3-BF4B-00C04F79EFBC}") = "UnitTest", "UnitTest\UnitTest.csproj", "{54E3CBC2-A71C-4403-B84D-93E674C04FB8}"
EndProject
Global
	GlobalSection(SolutionConfigurationPlatforms) = preSolution
		Debug|Any CPU = Debug|Any CPU
		Release|Any CPU = Release|Any CPU
		Debug|iPhoneSimulator = Debug|iPhoneSimulator
		Release|iPhoneSimulator = Release|iPhoneSimulator
		Debug|iPhone = Debug|iPhone
		Release|iPhone = Release|iPhone
	EndGlobalSection
	GlobalSection(ProjectConfigurationPlatforms) = postSolution
		{D35D3C93-B1E0-4A8C-ABA7-BD3E131AD22D}.Debug|Any CPU.ActiveCfg = Debug|Any CPU
		{D35D3C93-B1E0-4A8C-ABA7-BD3E131AD22D}.Debug|Any CPU.Build.0 = Debug|Any CPU
		{D35D3C93-B1E0-4A8C-ABA7-BD3E131AD22D}.Release|Any CPU.ActiveCfg = Release|Any CPU
		{D35D3C93-B1E0-4A8C-ABA7-BD3E131AD22D}.Release|Any CPU.Build.0 = Release|Any CPU
		{D35D3C93-B1E0-4A8C-ABA7-BD3E131AD22D}.Debug|iPhoneSimulator.ActiveCfg = Debug|Any CPU
		{D35D3C93-B1E0-4A8C-ABA7-BD3E131AD22D}.Debug|iPhoneSimulator.Build.0 = Debug|Any CPU
		{D35D3C93-B1E0-4A8C-ABA7-BD3E131AD22D}.Release|iPhoneSimulator.ActiveCfg = Release|Any CPU
		{D35D3C93-B1E0-4A8C-ABA7-BD3E131AD22D}.Release|iPhoneSimulator.Build.0 = Release|Any CPU
		{D35D3C93-B1E0-4A8C-ABA7-BD3E131AD22D}.Debug|iPhone.ActiveCfg = Debug|Any CPU
		{D35D3C93-B1E0-4A8C-ABA7-BD3E131AD22D}.Debug|iPhone.Build.0 = Debug|Any CPU
		{D35D3C93-B1E0-4A8C-ABA7-BD3E131AD22D}.Release|iPhone.ActiveCfg = Release|Any CPU
		{D35D3C93-B1E0-4A8C-ABA7-BD3E131AD22D}.Release|iPhone.Build.0 = Release|Any CPU
		{F5091977-4694-4939-B904-8A146A583ECC}.Debug|Any CPU.ActiveCfg = Debug|iPhoneSimulator
		{F5091977-4694-4939-B904-8A146A583ECC}.Debug|Any CPU.Build.0 = Debug|iPhoneSimulator
		{F5091977-4694-4939-B904-8A146A583ECC}.Release|Any CPU.ActiveCfg = Release|iPhoneSimulator
		{F5091977-4694-4939-B904-8A146A583ECC}.Release|Any CPU.Build.0 = Release|iPhoneSimulator
		{F5091977-4694-4939-B904-8A146A583ECC}.Debug|iPhoneSimulator.ActiveCfg = Debug|iPhoneSimulator
		{F5091977-4694-4939-B904-8A146A583ECC}.Debug|iPhoneSimulator.Build.0 = Debug|iPhoneSimulator
		{F5091977-4694-4939-B904-8A146A583ECC}.Release|iPhoneSimulator.ActiveCfg = Release|iPhoneSimulator
		{F5091977-4694-4939-B904-8A146A583ECC}.Release|iPhoneSimulator.Build.0 = Release|iPhoneSimulator
		{F5091977-4694-4939-B904-8A146A583ECC}.Debug|iPhone.ActiveCfg = Debug|iPhone
		{F5091977-4694-4939-B904-8A146A583ECC}.Debug|iPhone.Build.0 = Debug|iPhone
		{F5091977-4694-4939-B904-8A146A583ECC}.Release|iPhone.ActiveCfg = Release|iPhone
		{F5091977-4694-4939-B904-8A146A583ECC}.Release|iPhone.Build.0 = Release|iPhone
		{832F8FBB-704A-442E-BF42-5D75D3B50587}.Debug|Any CPU.ActiveCfg = Debug|Any CPU
		{832F8FBB-704A-442E-BF42-5D75D3B50587}.Debug|Any CPU.Build.0 = Debug|Any CPU
		{832F8FBB-704A-442E-BF42-5D75D3B50587}.Release|Any CPU.ActiveCfg = Release|Any CPU
		{832F8FBB-704A-442E-BF42-5D75D3B50587}.Release|Any CPU.Build.0 = Release|Any CPU
		{832F8FBB-704A-442E-BF42-5D75D3B50587}.Debug|iPhoneSimulator.ActiveCfg = Debug|Any CPU
		{832F8FBB-704A-442E-BF42-5D75D3B50587}.Debug|iPhoneSimulator.Build.0 = Debug|Any CPU
		{832F8FBB-704A-442E-BF42-5D75D3B50587}.Release|iPhoneSimulator.ActiveCfg = Release|Any CPU
		{832F8FBB-704A-442E-BF42-5D75D3B50587}.Release|iPhoneSimulator.Build.0 = Release|Any CPU
		{832F8FBB-704A-442E-BF42-5D75D3B50587}.Debug|iPhone.ActiveCfg = Debug|Any CPU
		{832F8FBB-704A-442E-BF42-5D75D3B50587}.Debug|iPhone.Build.0 = Debug|Any CPU
		{832F8FBB-704A-442E-BF42-5D75D3B50587}.Release|iPhone.ActiveCfg = Release|Any CPU
		{832F8FBB-704A-442E-BF42-5D75D3B50587}.Release|iPhone.Build.0 = Release|Any CPU
		{54E3CBC2-A71C-4403-B84D-93E674C04FB8}.Debug|Any CPU.ActiveCfg = Debug|Any CPU
		{54E3CBC2-A71C-4403-B84D-93E674C04FB8}.Debug|Any CPU.Build.0 = Debug|Any CPU
		{54E3CBC2-A71C-4403-B84D-93E674C04FB8}.Release|Any CPU.ActiveCfg = Release|Any CPU
		{54E3CBC2-A71C-4403-B84D-93E674C04FB8}.Release|Any CPU.Build.0 = Release|Any CPU
		{54E3CBC2-A71C-4403-B84D-93E674C04FB8}.Debug|iPhoneSimulator.ActiveCfg = Debug|Any CPU
		{54E3CBC2-A71C-4403-B84D-93E674C04FB8}.Debug|iPhoneSimulator.Build.0 = Debug|Any CPU
		{54E3CBC2-A71C-4403-B84D-93E674C04FB8}.Release|iPhoneSimulator.ActiveCfg = Release|Any CPU
		{54E3CBC2-A71C-4403-B84D-93E674C04FB8}.Release|iPhoneSimulator.Build.0 = Release|Any CPU
		{54E3CBC2-A71C-4403-B84D-93E674C04FB8}.Debug|iPhone.ActiveCfg = Debug|Any CPU
		{54E3CBC2-A71C-4403-B84D-93E674C04FB8}.Debug|iPhone.Build.0 = Debug|Any CPU
		{54E3CBC2-A71C-4403-B84D-93E674C04FB8}.Release|iPhone.ActiveCfg = Release|Any CPU
		{54E3CBC2-A71C-4403-B84D-93E674C04FB8}.Release|iPhone.Build.0 = Release|Any CPU
	EndGlobalSection
	GlobalSection(SolutionProperties) = preSolution
		HideSolutionNode = FALSE
	EndGlobalSection
	GlobalSection(ExtensibilityGlobals) = postSolution
		SolutionGuid = {2F2C12A5-C74B-4EA5-A474-5ECFCD8EE232}
	EndGlobalSection
EndGlobal
